
Microsoft Visual Studio Solution File, Format Version 12.00
# Visual Studio Version 16
VisualStudioVersion = 16.0.29324.140
MinimumVisualStudioVersion = 10.0.40219.1
Project("{FAE04EC0-301F-11D3-BF4B-00C04F79EFBC}") = "drugstore_003", "drugstore_003\drugstore_003.csproj", "{E59F1FF5-BACC-4F7D-92F8-3686FD0E46B5}"
EndProject
Global
	GlobalSection(SolutionConfigurationPlatforms) = preSolution
		Debug|Any CPU = Debug|Any CPU
		Release|Any CPU = Release|Any CPU
	EndGlobalSection
	GlobalSection(ProjectConfigurationPlatforms) = postSolution
		{E59F1FF5-BACC-4F7D-92F8-3686FD0E46B5}.Debug|Any CPU.ActiveCfg = Debug|Any CPU
		{E59F1FF5-BACC-4F7D-92F8-3686FD0E46B5}.Debug|Any CPU.Build.0 = Debug|Any CPU
		{E59F1FF5-BACC-4F7D-92F8-3686FD0E46B5}.Release|Any CPU.ActiveCfg = Release|Any CPU
		{E59F1FF5-BACC-4F7D-92F8-3686FD0E46B5}.Release|Any CPU.Build.0 = Release|Any CPU
	EndGlobalSection
	GlobalSection(SolutionProperties) = preSolution
		HideSolutionNode = FALSE
	EndGlobalSection
	GlobalSection(ExtensibilityGlobals) = postSolution
		SolutionGuid = {2E1068CD-B2D9-4398-8089-4714110351AA}
	EndGlobalSection
EndGlobal
